// !$*UTF8*$!
{
	archiveVersion = 1;
	classes = {
	};
	objectVersion = 54;
	objects = {

/* Begin PBXBuildFile section */
		380B1322275E776D000A9C3F /* DetallesViewController.swift in Sources */ = {isa = PBXBuildFile; fileRef = 380B1321275E776C000A9C3F /* DetallesViewController.swift */; };
		383DEEE22758613B00340647 /* RegistroViewController.swift in Sources */ = {isa = PBXBuildFile; fileRef = 383DEEE12758613B00340647 /* RegistroViewController.swift */; };
		383DEEE52758615F00340647 /* LoginViewController.swift in Sources */ = {isa = PBXBuildFile; fileRef = 383DEEE42758615F00340647 /* LoginViewController.swift */; };
		384130D227601B7300C14575 /* MapaViewController.swift in Sources */ = {isa = PBXBuildFile; fileRef = 384130D127601B7300C14575 /* MapaViewController.swift */; };
		3842D2BA275DADAB00B5D9AC /* CustomCell.swift in Sources */ = {isa = PBXBuildFile; fileRef = 3842D2B9275DADAB00B5D9AC /* CustomCell.swift */; };
		3847CD4527583BAF0007336B /* AppDelegate.swift in Sources */ = {isa = PBXBuildFile; fileRef = 3847CD4427583BAF0007336B /* AppDelegate.swift */; };
		3847CD4727583BAF0007336B /* SceneDelegate.swift in Sources */ = {isa = PBXBuildFile; fileRef = 3847CD4627583BAF0007336B /* SceneDelegate.swift */; };
		3847CD4927583BAF0007336B /* ViewController.swift in Sources */ = {isa = PBXBuildFile; fileRef = 3847CD4827583BAF0007336B /* ViewController.swift */; };
		3847CD4C27583BAF0007336B /* Main.storyboard in Resources */ = {isa = PBXBuildFile; fileRef = 3847CD4A27583BAF0007336B /* Main.storyboard */; };
		3847CD4E27583BB10007336B /* Assets.xcassets in Resources */ = {isa = PBXBuildFile; fileRef = 3847CD4D27583BB10007336B /* Assets.xcassets */; };
		3847CD5127583BB10007336B /* LaunchScreen.storyboard in Resources */ = {isa = PBXBuildFile; fileRef = 3847CD4F27583BB10007336B /* LaunchScreen.storyboard */; };
		3847CD5B27585AC20007336B /* GoogleService-Info.plist in Resources */ = {isa = PBXBuildFile; fileRef = 3847CD5A27585AC20007336B /* GoogleService-Info.plist */; };
		3885D49E27596BFB0034F536 /* PrincipalViewController.swift in Sources */ = {isa = PBXBuildFile; fileRef = 3885D49D27596BFB0034F536 /* PrincipalViewController.swift */; };
		4ED1285BACFCCDB4684166FE /* Pods_Proyecto.framework in Frameworks */ = {isa = PBXBuildFile; fileRef = 44706FBFA94997FF17F3D4FC /* Pods_Proyecto.framework */; };
/* End PBXBuildFile section */

/* Begin PBXFileReference section */
		380B1321275E776C000A9C3F /* DetallesViewController.swift */ = {isa = PBXFileReference; lastKnownFileType = sourcecode.swift; path = DetallesViewController.swift; sourceTree = "<group>"; };
		383DEEE12758613B00340647 /* RegistroViewController.swift */ = {isa = PBXFileReference; lastKnownFileType = sourcecode.swift; path = RegistroViewController.swift; sourceTree = "<group>"; };
		383DEEE42758615F00340647 /* LoginViewController.swift */ = {isa = PBXFileReference; lastKnownFileType = sourcecode.swift; path = LoginViewController.swift; sourceTree = "<group>"; };
		384130D127601B7300C14575 /* MapaViewController.swift */ = {isa = PBXFileReference; lastKnownFileType = sourcecode.swift; path = MapaViewController.swift; sourceTree = "<group>"; };
		3842D2B9275DADAB00B5D9AC /* CustomCell.swift */ = {isa = PBXFileReference; lastKnownFileType = sourcecode.swift; path = CustomCell.swift; sourceTree = "<group>"; };
		3847CD4127583BAF0007336B /* Proyecto.app */ = {isa = PBXFileReference; explicitFileType = wrapper.application; includeInIndex = 0; path = Proyecto.app; sourceTree = BUILT_PRODUCTS_DIR; };
		3847CD4427583BAF0007336B /* AppDelegate.swift */ = {isa = PBXFileReference; lastKnownFileType = sourcecode.swift; path = AppDelegate.swift; sourceTree = "<group>"; };
		3847CD4627583BAF0007336B /* SceneDelegate.swift */ = {isa = PBXFileReference; lastKnownFileType = sourcecode.swift; path = SceneDelegate.swift; sourceTree = "<group>"; };
		3847CD4827583BAF0007336B /* ViewController.swift */ = {isa = PBXFileReference; lastKnownFileType = sourcecode.swift; path = ViewController.swift; sourceTree = "<group>"; };
		3847CD4B27583BAF0007336B /* Base */ = {isa = PBXFileReference; lastKnownFileType = file.storyboard; name = Base; path = Base.lproj/Main.storyboard; sourceTree = "<group>"; };
		3847CD4D27583BB10007336B /* Assets.xcassets */ = {isa = PBXFileReference; lastKnownFileType = folder.assetcatalog; path = Assets.xcassets; sourceTree = "<group>"; };
		3847CD5027583BB10007336B /* Base */ = {isa = PBXFileReference; lastKnownFileType = file.storyboard; name = Base; path = Base.lproj/LaunchScreen.storyboard; sourceTree = "<group>"; };
		3847CD5227583BB10007336B /* Info.plist */ = {isa = PBXFileReference; lastKnownFileType = text.plist.xml; path = Info.plist; sourceTree = "<group>"; };
		3847CD5A27585AC20007336B /* GoogleService-Info.plist */ = {isa = PBXFileReference; fileEncoding = 4; lastKnownFileType = text.plist.xml; path = "GoogleService-Info.plist"; sourceTree = "<group>"; };
		3885D49D27596BFB0034F536 /* PrincipalViewController.swift */ = {isa = PBXFileReference; lastKnownFileType = sourcecode.swift; path = PrincipalViewController.swift; sourceTree = "<group>"; };
		44706FBFA94997FF17F3D4FC /* Pods_Proyecto.framework */ = {isa = PBXFileReference; explicitFileType = wrapper.framework; includeInIndex = 0; path = Pods_Proyecto.framework; sourceTree = BUILT_PRODUCTS_DIR; };
		53BEFFE6D89FF520A452E1B2 /* Pods-Proyecto.release.xcconfig */ = {isa = PBXFileReference; includeInIndex = 1; lastKnownFileType = text.xcconfig; name = "Pods-Proyecto.release.xcconfig"; path = "Target Support Files/Pods-Proyecto/Pods-Proyecto.release.xcconfig"; sourceTree = "<group>"; };
		E04ADD045D6F87435A31F396 /* Pods-Proyecto.debug.xcconfig */ = {isa = PBXFileReference; includeInIndex = 1; lastKnownFileType = text.xcconfig; name = "Pods-Proyecto.debug.xcconfig"; path = "Target Support Files/Pods-Proyecto/Pods-Proyecto.debug.xcconfig"; sourceTree = "<group>"; };
/* End PBXFileReference section */

/* Begin PBXFrameworksBuildPhase section */
		3847CD3E27583BAF0007336B /* Frameworks */ = {
			isa = PBXFrameworksBuildPhase;
			buildActionMask = 2147483647;
			files = (
				4ED1285BACFCCDB4684166FE /* Pods_Proyecto.framework in Frameworks */,
			);
			runOnlyForDeploymentPostprocessing = 0;
		};
/* End PBXFrameworksBuildPhase section */

/* Begin PBXGroup section */
		3847CD3827583BAF0007336B = {
			isa = PBXGroup;
			children = (
				3847CD4327583BAF0007336B /* Proyecto */,
				3847CD4227583BAF0007336B /* Products */,
				DDA2C0C06753CD4E4ADDF27D /* Pods */,
				D295F1583DC75D68E0DE554B /* Frameworks */,
			);
			sourceTree = "<group>";
		};
		3847CD4227583BAF0007336B /* Products */ = {
			isa = PBXGroup;
			children = (
				3847CD4127583BAF0007336B /* Proyecto.app */,
			);
			name = Products;
			sourceTree = "<group>";
		};
		3847CD4327583BAF0007336B /* Proyecto */ = {
			isa = PBXGroup;
			children = (
				3847CD4427583BAF0007336B /* AppDelegate.swift */,
				3847CD4627583BAF0007336B /* SceneDelegate.swift */,
				3847CD4827583BAF0007336B /* ViewController.swift */,
				3847CD4A27583BAF0007336B /* Main.storyboard */,
				3847CD4D27583BB10007336B /* Assets.xcassets */,
				3847CD4F27583BB10007336B /* LaunchScreen.storyboard */,
				3847CD5227583BB10007336B /* Info.plist */,
				3847CD5A27585AC20007336B /* GoogleService-Info.plist */,
				383DEEE12758613B00340647 /* RegistroViewController.swift */,
				383DEEE42758615F00340647 /* LoginViewController.swift */,
				3885D49D27596BFB0034F536 /* PrincipalViewController.swift */,
				3842D2B9275DADAB00B5D9AC /* CustomCell.swift */,
				380B1321275E776C000A9C3F /* DetallesViewController.swift */,
				384130D127601B7300C14575 /* MapaViewController.swift */,
			);
			path = Proyecto;
			sourceTree = "<group>";
		};
		D295F1583DC75D68E0DE554B /* Frameworks */ = {
			isa = PBXGroup;
			children = (
				44706FBFA94997FF17F3D4FC /* Pods_Proyecto.framework */,
			);
			name = Frameworks;
			sourceTree = "<group>";
		};
		DDA2C0C06753CD4E4ADDF27D /* Pods */ = {
			isa = PBXGroup;
			children = (
				E04ADD045D6F87435A31F396 /* Pods-Proyecto.debug.xcconfig */,
				53BEFFE6D89FF520A452E1B2 /* Pods-Proyecto.release.xcconfig */,
			);
			path = Pods;
			sourceTree = "<group>";
		};
/* End PBXGroup section */

/* Begin PBXNativeTarget section */
		3847CD4027583BAF0007336B /* Proyecto */ = {
			isa = PBXNativeTarget;
			buildConfigurationList = 3847CD5527583BB10007336B /* Build configuration list for PBXNativeTarget "Proyecto" */;
			buildPhases = (
				EE6E282451C4D8CCF07EBE10 /* [CP] Check Pods Manifest.lock */,
				3847CD3D27583BAF0007336B /* Sources */,
				3847CD3E27583BAF0007336B /* Frameworks */,
				3847CD3F27583BAF0007336B /* Resources */,
				3D4E59F4A2C26236FE1D6D32 /* [CP] Embed Pods Frameworks */,
			);
			buildRules = (
			);
			dependencies = (
			);
			name = Proyecto;
			productName = Proyecto;
			productReference = 3847CD4127583BAF0007336B /* Proyecto.app */;
			productType = "com.apple.product-type.application";
		};
/* End PBXNativeTarget section */

/* Begin PBXProject section */
		3847CD3927583BAF0007336B /* Project object */ = {
			isa = PBXProject;
			attributes = {
				LastSwiftUpdateCheck = 1210;
				LastUpgradeCheck = 1210;
				TargetAttributes = {
					3847CD4027583BAF0007336B = {
						CreatedOnToolsVersion = 12.1;
					};
				};
			};
			buildConfigurationList = 3847CD3C27583BAF0007336B /* Build configuration list for PBXProject "Proyecto" */;
			compatibilityVersion = "Xcode 12.0";
			developmentRegion = en;
			hasScannedForEncodings = 0;
			knownRegions = (
				en,
				Base,
			);
			mainGroup = 3847CD3827583BAF0007336B;
			productRefGroup = 3847CD4227583BAF0007336B /* Products */;
			projectDirPath = "";
			projectRoot = "";
			targets = (
				3847CD4027583BAF0007336B /* Proyecto */,
			);
		};
/* End PBXProject section */

/* Begin PBXResourcesBuildPhase section */
		3847CD3F27583BAF0007336B /* Resources */ = {
			isa = PBXResourcesBuildPhase;
			buildActionMask = 2147483647;
			files = (
				3847CD5127583BB10007336B /* LaunchScreen.storyboard in Resources */,
				3847CD5B27585AC20007336B /* GoogleService-Info.plist in Resources */,
				3847CD4E27583BB10007336B /* Assets.xcassets in Resources */,
				3847CD4C27583BAF0007336B /* Main.storyboard in Resources */,
			);
			runOnlyForDeploymentPostprocessing = 0;
		};
/* End PBXResourcesBuildPhase section */

/* Begin PBXShellScriptBuildPhase section */
		3D4E59F4A2C26236FE1D6D32 /* [CP] Embed Pods Frameworks */ = {
			isa = PBXShellScriptBuildPhase;
			buildActionMask = 2147483647;
			files = (
			);
			inputFileListPaths = (
				"${PODS_ROOT}/Target Support Files/Pods-Proyecto/Pods-Proyecto-frameworks-${CONFIGURATION}-input-files.xcfilelist",
			);
			name = "[CP] Embed Pods Frameworks";
			outputFileListPaths = (
				"${PODS_ROOT}/Target Support Files/Pods-Proyecto/Pods-Proyecto-frameworks-${CONFIGURATION}-output-files.xcfilelist",
			);
			runOnlyForDeploymentPostprocessing = 0;
			shellPath = /bin/sh;
			shellScript = "\"${PODS_ROOT}/Target Support Files/Pods-Proyecto/Pods-Proyecto-frameworks.sh\"\n";
			showEnvVarsInLog = 0;
		};
		EE6E282451C4D8CCF07EBE10 /* [CP] Check Pods Manifest.lock */ = {
			isa = PBXShellScriptBuildPhase;
			buildActionMask = 2147483647;
			files = (
			);
			inputFileListPaths = (
			);
			inputPaths = (
				"${PODS_PODFILE_DIR_PATH}/Podfile.lock",
				"${PODS_ROOT}/Manifest.lock",
			);
			name = "[CP] Check Pods Manifest.lock";
			outputFileListPaths = (
			);
			outputPaths = (
				"$(DERIVED_FILE_DIR)/Pods-Proyecto-checkManifestLockResult.txt",
			);
			runOnlyForDeploymentPostprocessing = 0;
			shellPath = /bin/sh;
			shellScript = "diff \"${PODS_PODFILE_DIR_PATH}/Podfile.lock\" \"${PODS_ROOT}/Manifest.lock\" > /dev/null\nif [ $? != 0 ] ; then\n    # print error to STDERR\n    echo \"error: The sandbox is not in sync with the Podfile.lock. Run 'pod install' or update your CocoaPods installation.\" >&2\n    exit 1\nfi\n# This output is used by Xcode 'outputs' to avoid re-running this script phase.\necho \"SUCCESS\" > \"${SCRIPT_OUTPUT_FILE_0}\"\n";
			showEnvVarsInLog = 0;
		};
/* End PBXShellScriptBuildPhase section */

/* Begin PBXSourcesBuildPhase section */
		3847CD3D27583BAF0007336B /* Sources */ = {
			isa = PBXSourcesBuildPhase;
			buildActionMask = 2147483647;
			files = (
				3847CD4927583BAF0007336B /* ViewController.swift in Sources */,
				383DEEE22758613B00340647 /* RegistroViewController.swift in Sources */,
				3847CD4527583BAF0007336B /* AppDelegate.swift in Sources */,
				3885D49E27596BFB0034F536 /* PrincipalViewController.swift in Sources */,
				384130D227601B7300C14575 /* MapaViewController.swift in Sources */,
				380B1322275E776D000A9C3F /* DetallesViewController.swift in Sources */,
				383DEEE52758615F00340647 /* LoginViewController.swift in Sources */,
				3842D2BA275DADAB00B5D9AC /* CustomCell.swift in Sources */,
				3847CD4727583BAF0007336B /* SceneDelegate.swift in Sources */,
			);
			runOnlyForDeploymentPostprocessing = 0;
		};
/* End PBXSourcesBuildPhase section */

/* Begin PBXVariantGroup section */
		3847CD4A27583BAF0007336B /* Main.storyboard */ = {
			isa = PBXVariantGroup;
			children = (
				3847CD4B27583BAF0007336B /* Base */,
			);
			name = Main.storyboard;
			sourceTree = "<group>";
		};
		3847CD4F27583BB10007336B /* LaunchScreen.storyboard */ = {
			isa = PBXVariantGroup;
			children = (
				3847CD5027583BB10007336B /* Base */,
			);
			name = LaunchScreen.storyboard;
			sourceTree = "<group>";
		};
/* End PBXVariantGroup section */

/* Begin XCBuildConfiguration section */
		3847CD5327583BB10007336B /* Debug */ = {
			isa = XCBuildConfiguration;
			buildSettings = {
				ALWAYS_SEARCH_USER_PATHS = NO;
				CLANG_ANALYZER_NONNULL = YES;
				CLANG_ANALYZER_NUMBER_OBJECT_CONVERSION = YES_AGGRESSIVE;
				CLANG_CXX_LANGUAGE_STANDARD = "gnu++14";
				CLANG_CXX_LIBRARY = "libc++";
				CLANG_ENABLE_MODULES = YES;
				CLANG_ENABLE_OBJC_ARC = YES;
				CLANG_ENABLE_OBJC_WEAK = YES;
				CLANG_WARN_BLOCK_CAPTURE_AUTORELEASING = YES;
				CLANG_WARN_BOOL_CONVERSION = YES;
				CLANG_WARN_COMMA = YES;
				CLANG_WARN_CONSTANT_CONVERSION = YES;
				CLANG_WARN_DEPRECATED_OBJC_IMPLEMENTATIONS = YES;
				CLANG_WARN_DIRECT_OBJC_ISA_USAGE = YES_ERROR;
				CLANG_WARN_DOCUMENTATION_COMMENTS = YES;
				CLANG_WARN_EMPTY_BODY = YES;
				CLANG_WARN_ENUM_CONVERSION = YES;
				CLANG_WARN_INFINITE_RECURSION = YES;
				CLANG_WARN_INT_CONVERSION = YES;
				CLANG_WARN_NON_LITERAL_NULL_CONVERSION = YES;
				CLANG_WARN_OBJC_IMPLICIT_RETAIN_SELF = YES;
				CLANG_WARN_OBJC_LITERAL_CONVERSION = YES;
				CLANG_WARN_OBJC_ROOT_CLASS = YES_ERROR;
				CLANG_WARN_QUOTED_INCLUDE_IN_FRAMEWORK_HEADER = YES;
				CLANG_WARN_RANGE_LOOP_ANALYSIS = YES;
				CLANG_WARN_STRICT_PROTOTYPES = YES;
				CLANG_WARN_SUSPICIOUS_MOVE = YES;
				CLANG_WARN_UNGUARDED_AVAILABILITY = YES_AGGRESSIVE;
				CLANG_WARN_UNREACHABLE_CODE = YES;
				CLANG_WARN__DUPLICATE_METHOD_MATCH = YES;
				COPY_PHASE_STRIP = NO;
				DEBUG_INFORMATION_FORMAT = dwarf;
				ENABLE_STRICT_OBJC_MSGSEND = YES;
				ENABLE_TESTABILITY = YES;
				GCC_C_LANGUAGE_STANDARD = gnu11;
				GCC_DYNAMIC_NO_PIC = NO;
				GCC_NO_COMMON_BLOCKS = YES;
				GCC_OPTIMIZATION_LEVEL = 0;
				GCC_PREPROCESSOR_DEFINITIONS = (
					"DEBUG=1",
					"$(inherited)",
				);
				GCC_WARN_64_TO_32_BIT_CONVERSION = YES;
				GCC_WARN_ABOUT_RETURN_TYPE = YES_ERROR;
				GCC_WARN_UNDECLARED_SELECTOR = YES;
				GCC_WARN_UNINITIALIZED_AUTOS = YES_AGGRESSIVE;
				GCC_WARN_UNUSED_FUNCTION = YES;
				GCC_WARN_UNUSED_VARIABLE = YES;
				IPHONEOS_DEPLOYMENT_TARGET = 14.1;
				MTL_ENABLE_DEBUG_INFO = INCLUDE_SOURCE;
				MTL_FAST_MATH = YES;
				ONLY_ACTIVE_ARCH = YES;
				SDKROOT = iphoneos;
				SWIFT_ACTIVE_COMPILATION_CONDITIONS = DEBUG;
				SWIFT_OPTIMIZATION_LEVEL = "-Onone";
			};
			name = Debug;
		};
		3847CD5427583BB10007336B /* Release */ = {
			isa = XCBuildConfiguration;
			buildSettings = {
				ALWAYS_SEARCH_USER_PATHS = NO;
				CLANG_ANALYZER_NONNULL = YES;
				CLANG_ANALYZER_NUMBER_OBJECT_CONVERSION = YES_AGGRESSIVE;
				CLANG_CXX_LANGUAGE_STANDARD = "gnu++14";
				CLANG_CXX_LIBRARY = "libc++";
				CLANG_ENABLE_MODULES = YES;
				CLANG_ENABLE_OBJC_ARC = YES;
				CLANG_ENABLE_OBJC_WEAK = YES;
				CLANG_WARN_BLOCK_CAPTURE_AUTORELEASING = YES;
				CLANG_WARN_BOOL_CONVERSION = YES;
				CLANG_WARN_COMMA = YES;
				CLANG_WARN_CONSTANT_CONVERSION = YES;
				CLANG_WARN_DEPRECATED_OBJC_IMPLEMENTATIONS = YES;
				CLANG_WARN_DIRECT_OBJC_ISA_USAGE = YES_ERROR;
				CLANG_WARN_DOCUMENTATION_COMMENTS = YES;
				CLANG_WARN_EMPTY_BODY = YES;
				CLANG_WARN_ENUM_CONVERSION = YES;
				CLANG_WARN_INFINITE_RECURSION = YES;
				CLANG_WARN_INT_CONVERSION = YES;
				CLANG_WARN_NON_LITERAL_NULL_CONVERSION = YES;
				CLANG_WARN_OBJC_IMPLICIT_RETAIN_SELF = YES;
				CLANG_WARN_OBJC_LITERAL_CONVERSION = YES;
				CLANG_WARN_OBJC_ROOT_CLASS = YES_ERROR;
				CLANG_WARN_QUOTED_INCLUDE_IN_FRAMEWORK_HEADER = YES;
				CLANG_WARN_RANGE_LOOP_ANALYSIS = YES;
				CLANG_WARN_STRICT_PROTOTYPES = YES;
				CLANG_WARN_SUSPICIOUS_MOVE = YES;
				CLANG_WARN_UNGUARDED_AVAILABILITY = YES_AGGRESSIVE;
				CLANG_WARN_UNREACHABLE_CODE = YES;
				CLANG_WARN__DUPLICATE_METHOD_MATCH = YES;
				COPY_PHASE_STRIP = NO;
				DEBUG_INFORMATION_FORMAT = "dwarf-with-dsym";
				ENABLE_NS_ASSERTIONS = NO;
				ENABLE_STRICT_OBJC_MSGSEND = YES;
				GCC_C_LANGUAGE_STANDARD = gnu11;
				GCC_NO_COMMON_BLOCKS = YES;
				GCC_WARN_64_TO_32_BIT_CONVERSION = YES;
				GCC_WARN_ABOUT_RETURN_TYPE = YES_ERROR;
				GCC_WARN_UNDECLARED_SELECTOR = YES;
				GCC_WARN_UNINITIALIZED_AUTOS = YES_AGGRESSIVE;
				GCC_WARN_UNUSED_FUNCTION = YES;
				GCC_WARN_UNUSED_VARIABLE = YES;
				IPHONEOS_DEPLOYMENT_TARGET = 14.1;
				MTL_ENABLE_DEBUG_INFO = NO;
				MTL_FAST_MATH = YES;
				SDKROOT = iphoneos;
				SWIFT_COMPILATION_MODE = wholemodule;
				SWIFT_OPTIMIZATION_LEVEL = "-O";
				VALIDATE_PRODUCT = YES;
			};
			name = Release;
		};
		3847CD5627583BB10007336B /* Debug */ = {
			isa = XCBuildConfiguration;
			baseConfigurationReference = E04ADD045D6F87435A31F396 /* Pods-Proyecto.debug.xcconfig */;
			buildSettings = {
				ASSETCATALOG_COMPILER_APPICON_NAME = AppIcon;
				ASSETCATALOG_COMPILER_GLOBAL_ACCENT_COLOR_NAME = AccentColor;
				CODE_SIGN_STYLE = Automatic;
				INFOPLIST_FILE = Proyecto/Info.plist;
				LD_RUNPATH_SEARCH_PATHS = (
					"$(inherited)",
					"@executable_path/Frameworks",
				);
				PRODUCT_BUNDLE_IDENTIFIER = com.itmorelia.Proyecto;
				PRODUCT_NAME = "$(TARGET_NAME)";
				SWIFT_VERSION = 5.0;
				TARGETED_DEVICE_FAMILY = "1,2";
			};
			name = Debug;
		};
		3847CD5727583BB10007336B /* Release */ = {
			isa = XCBuildConfiguration;
			baseConfigurationReference = 53BEFFE6D89FF520A452E1B2 /* Pods-Proyecto.release.xcconfig */;
			buildSettings = {
				ASSETCATALOG_COMPILER_APPICON_NAME = AppIcon;
				ASSETCATALOG_COMPILER_GLOBAL_ACCENT_COLOR_NAME = AccentColor;
				CODE_SIGN_STYLE = Automatic;
				INFOPLIST_FILE = Proyecto/Info.plist;
				LD_RUNPATH_SEARCH_PATHS = (
					"$(inherited)",
					"@executable_path/Frameworks",
				);
				PRODUCT_BUNDLE_IDENTIFIER = com.itmorelia.Proyecto;
				PRODUCT_NAME = "$(TARGET_NAME)";
				SWIFT_VERSION = 5.0;
				TARGETED_DEVICE_FAMILY = "1,2";
			};
			name = Release;
		};
/* End XCBuildConfiguration section */

/* Begin XCConfigurationList section */
		3847CD3C27583BAF0007336B /* Build configuration list for PBXProject "Proyecto" */ = {
			isa = XCConfigurationList;
			buildConfigurations = (
				3847CD5327583BB10007336B /* Debug */,
				3847CD5427583BB10007336B /* Release */,
			);
			defaultConfigurationIsVisible = 0;
			defaultConfigurationName = Release;
		};
		3847CD5527583BB10007336B /* Build configuration list for PBXNativeTarget "Proyecto" */ = {
			isa = XCConfigurationList;
			buildConfigurations = (
				3847CD5627583BB10007336B /* Debug */,
				3847CD5727583BB10007336B /* Release */,
			);
			defaultConfigurationIsVisible = 0;
			defaultConfigurationName = Release;
		};
/* End XCConfigurationList section */
	};
	rootObject = 3847CD3927583BAF0007336B /* Project object */;
}
